// !$*UTF8*$!
{
	archiveVersion = 1;
	classes = {
	};
	objectVersion = 52;
	objects = {

/* Begin PBXBuildFile section */
		DD61CF5624717B1D00CA0BE9 /* DiffableDataSourceSnapshot+Additions.swift in Sources */ = {isa = PBXBuildFile; fileRef = DD61CF5524717B1D00CA0BE9 /* DiffableDataSourceSnapshot+Additions.swift */; };
		DD61CF582471882A00CA0BE9 /* MasterOutlineViewItem.swift in Sources */ = {isa = PBXBuildFile; fileRef = DD61CF572471882A00CA0BE9 /* MasterOutlineViewItem.swift */; };
		DDCAB953246475AB00E5AA41 /* MainViewController.swift in Sources */ = {isa = PBXBuildFile; fileRef = DDCAB952246475AB00E5AA41 /* MainViewController.swift */; };
		DDCAB9552464771600E5AA41 /* MasterViewController.swift in Sources */ = {isa = PBXBuildFile; fileRef = DDCAB9542464771600E5AA41 /* MasterViewController.swift */; };
		DDCAB9572464785700E5AA41 /* DetailViewController.swift in Sources */ = {isa = PBXBuildFile; fileRef = DDCAB9562464785700E5AA41 /* DetailViewController.swift */; };
		DDCAB9592464796400E5AA41 /* EmptyViewController.swift in Sources */ = {isa = PBXBuildFile; fileRef = DDCAB9582464796400E5AA41 /* EmptyViewController.swift */; };
		DDCAB95B24647B7200E5AA41 /* SingleViewController.swift in Sources */ = {isa = PBXBuildFile; fileRef = DDCAB95A24647B7200E5AA41 /* SingleViewController.swift */; };
		DDCAB95D24647BBF00E5AA41 /* MultiViewController.swift in Sources */ = {isa = PBXBuildFile; fileRef = DDCAB95C24647BBF00E5AA41 /* MultiViewController.swift */; };
		DDCB691C245DDAFD00489647 /* AppDelegate.swift in Sources */ = {isa = PBXBuildFile; fileRef = DDCB691B245DDAFD00489647 /* AppDelegate.swift */; };
		DDCB6920245DDB0000489647 /* Assets.xcassets in Resources */ = {isa = PBXBuildFile; fileRef = DDCB691F245DDB0000489647 /* Assets.xcassets */; };
		DDCB6923245DDB0000489647 /* Main.storyboard in Resources */ = {isa = PBXBuildFile; fileRef = DDCB6921245DDB0000489647 /* Main.storyboard */; };
		DDCB692D245DDD5D00489647 /* OutlineViewDiffableDataSource in Frameworks */ = {isa = PBXBuildFile; productRef = DDCB692C245DDD5D00489647 /* OutlineViewDiffableDataSource */; };
/* End PBXBuildFile section */

/* Begin PBXFileReference section */
		DD61CF5524717B1D00CA0BE9 /* DiffableDataSourceSnapshot+Additions.swift */ = {isa = PBXFileReference; lastKnownFileType = sourcecode.swift; path = "DiffableDataSourceSnapshot+Additions.swift"; sourceTree = "<group>"; };
		DD61CF572471882A00CA0BE9 /* MasterOutlineViewItem.swift */ = {isa = PBXFileReference; fileEncoding = 4; lastKnownFileType = sourcecode.swift; path = MasterOutlineViewItem.swift; sourceTree = "<group>"; };
		DDCAB952246475AB00E5AA41 /* MainViewController.swift */ = {isa = PBXFileReference; lastKnownFileType = sourcecode.swift; path = MainViewController.swift; sourceTree = "<group>"; };
		DDCAB9542464771600E5AA41 /* MasterViewController.swift */ = {isa = PBXFileReference; lastKnownFileType = sourcecode.swift; path = MasterViewController.swift; sourceTree = "<group>"; };
		DDCAB9562464785700E5AA41 /* DetailViewController.swift */ = {isa = PBXFileReference; lastKnownFileType = sourcecode.swift; path = DetailViewController.swift; sourceTree = "<group>"; };
		DDCAB9582464796400E5AA41 /* EmptyViewController.swift */ = {isa = PBXFileReference; lastKnownFileType = sourcecode.swift; path = EmptyViewController.swift; sourceTree = "<group>"; };
		DDCAB95A24647B7200E5AA41 /* SingleViewController.swift */ = {isa = PBXFileReference; lastKnownFileType = sourcecode.swift; path = SingleViewController.swift; sourceTree = "<group>"; };
		DDCAB95C24647BBF00E5AA41 /* MultiViewController.swift */ = {isa = PBXFileReference; lastKnownFileType = sourcecode.swift; path = MultiViewController.swift; sourceTree = "<group>"; };
		DDCB6918245DDAFD00489647 /* Demo.app */ = {isa = PBXFileReference; explicitFileType = wrapper.application; includeInIndex = 0; path = Demo.app; sourceTree = BUILT_PRODUCTS_DIR; };
		DDCB691B245DDAFD00489647 /* AppDelegate.swift */ = {isa = PBXFileReference; lastKnownFileType = sourcecode.swift; path = AppDelegate.swift; sourceTree = "<group>"; };
		DDCB691F245DDB0000489647 /* Assets.xcassets */ = {isa = PBXFileReference; lastKnownFileType = folder.assetcatalog; path = Assets.xcassets; sourceTree = "<group>"; };
		DDCB6922245DDB0000489647 /* Base */ = {isa = PBXFileReference; lastKnownFileType = file.storyboard; name = Base; path = Base.lproj/Main.storyboard; sourceTree = "<group>"; };
		DDCB6924245DDB0000489647 /* Info.plist */ = {isa = PBXFileReference; lastKnownFileType = text.plist.xml; path = Info.plist; sourceTree = "<group>"; };
		DDCB6925245DDB0000489647 /* Demo.entitlements */ = {isa = PBXFileReference; lastKnownFileType = text.plist.entitlements; path = Demo.entitlements; sourceTree = "<group>"; };
/* End PBXFileReference section */

/* Begin PBXFrameworksBuildPhase section */
		DDCB6915245DDAFD00489647 /* Frameworks */ = {
			isa = PBXFrameworksBuildPhase;
			buildActionMask = 2147483647;
			files = (
				DDCB692D245DDD5D00489647 /* OutlineViewDiffableDataSource in Frameworks */,
			);
			runOnlyForDeploymentPostprocessing = 0;
		};
/* End PBXFrameworksBuildPhase section */

/* Begin PBXGroup section */
		DDCB690F245DDAFD00489647 = {
			isa = PBXGroup;
			children = (
				DDCB691A245DDAFD00489647 /* Demo */,
				DDCB6919245DDAFD00489647 /* Products */,
				DDCB692B245DDD5D00489647 /* Frameworks */,
			);
			sourceTree = "<group>";
		};
		DDCB6919245DDAFD00489647 /* Products */ = {
			isa = PBXGroup;
			children = (
				DDCB6918245DDAFD00489647 /* Demo.app */,
			);
			name = Products;
			sourceTree = "<group>";
		};
		DDCB691A245DDAFD00489647 /* Demo */ = {
			isa = PBXGroup;
			children = (
				DDCB691B245DDAFD00489647 /* AppDelegate.swift */,
				DDCB691F245DDB0000489647 /* Assets.xcassets */,
				DDCB6925245DDB0000489647 /* Demo.entitlements */,
				DDCAB9562464785700E5AA41 /* DetailViewController.swift */,
				DD61CF5524717B1D00CA0BE9 /* DiffableDataSourceSnapshot+Additions.swift */,
				DDCAB9582464796400E5AA41 /* EmptyViewController.swift */,
				DDCB6924245DDB0000489647 /* Info.plist */,
				DDCB6921245DDB0000489647 /* Main.storyboard */,
				DDCAB952246475AB00E5AA41 /* MainViewController.swift */,
				DD61CF572471882A00CA0BE9 /* MasterOutlineViewItem.swift */,
				DDCAB9542464771600E5AA41 /* MasterViewController.swift */,
				DDCAB95C24647BBF00E5AA41 /* MultiViewController.swift */,
				DDCAB95A24647B7200E5AA41 /* SingleViewController.swift */,
			);
			path = Demo;
			sourceTree = "<group>";
		};
		DDCB692B245DDD5D00489647 /* Frameworks */ = {
			isa = PBXGroup;
			children = (
			);
			name = Frameworks;
			sourceTree = "<group>";
		};
/* End PBXGroup section */

/* Begin PBXNativeTarget section */
		DDCB6917245DDAFD00489647 /* Demo */ = {
			isa = PBXNativeTarget;
			buildConfigurationList = DDCB6928245DDB0000489647 /* Build configuration list for PBXNativeTarget "Demo" */;
			buildPhases = (
				DDCB6914245DDAFD00489647 /* Sources */,
				DDCB6915245DDAFD00489647 /* Frameworks */,
				DDCB6916245DDAFD00489647 /* Resources */,
			);
			buildRules = (
			);
			dependencies = (
			);
			name = Demo;
			packageProductDependencies = (
				DDCB692C245DDD5D00489647 /* OutlineViewDiffableDataSource */,
			);
			productName = Demo;
			productReference = DDCB6918245DDAFD00489647 /* Demo.app */;
			productType = "com.apple.product-type.application";
		};
/* End PBXNativeTarget section */

/* Begin PBXProject section */
		DDCB6910245DDAFD00489647 /* Project object */ = {
			isa = PBXProject;
			attributes = {
				LastSwiftUpdateCheck = 1140;
				LastUpgradeCheck = 1140;
				ORGANIZATIONNAME = "NativeConnect Team";
				TargetAttributes = {
					DDCB6917245DDAFD00489647 = {
						CreatedOnToolsVersion = 11.4.1;
					};
				};
			};
			buildConfigurationList = DDCB6913245DDAFD00489647 /* Build configuration list for PBXProject "Demo" */;
			compatibilityVersion = "Xcode 9.3";
			developmentRegion = en;
			hasScannedForEncodings = 0;
			knownRegions = (
				en,
				Base,
			);
			mainGroup = DDCB690F245DDAFD00489647;
			productRefGroup = DDCB6919245DDAFD00489647 /* Products */;
			projectDirPath = "";
			projectRoot = "";
			targets = (
				DDCB6917245DDAFD00489647 /* Demo */,
			);
		};
/* End PBXProject section */

/* Begin PBXResourcesBuildPhase section */
		DDCB6916245DDAFD00489647 /* Resources */ = {
			isa = PBXResourcesBuildPhase;
			buildActionMask = 2147483647;
			files = (
				DDCB6920245DDB0000489647 /* Assets.xcassets in Resources */,
				DDCB6923245DDB0000489647 /* Main.storyboard in Resources */,
			);
			runOnlyForDeploymentPostprocessing = 0;
		};
/* End PBXResourcesBuildPhase section */

/* Begin PBXSourcesBuildPhase section */
		DDCB6914245DDAFD00489647 /* Sources */ = {
			isa = PBXSourcesBuildPhase;
			buildActionMask = 2147483647;
			files = (
				DD61CF582471882A00CA0BE9 /* MasterOutlineViewItem.swift in Sources */,
				DDCAB9592464796400E5AA41 /* EmptyViewController.swift in Sources */,
				DDCAB9552464771600E5AA41 /* MasterViewController.swift in Sources */,
				DDCAB953246475AB00E5AA41 /* MainViewController.swift in Sources */,
				DDCAB9572464785700E5AA41 /* DetailViewController.swift in Sources */,
				DDCAB95B24647B7200E5AA41 /* SingleViewController.swift in Sources */,
				DD61CF5624717B1D00CA0BE9 /* DiffableDataSourceSnapshot+Additions.swift in Sources */,
				DDCAB95D24647BBF00E5AA41 /* MultiViewController.swift in Sources */,
				DDCB691C245DDAFD00489647 /* AppDelegate.swift in Sources */,
			);
			runOnlyForDeploymentPostprocessing = 0;
		};
/* End PBXSourcesBuildPhase section */

/* Begin PBXVariantGroup section */
		DDCB6921245DDB0000489647 /* Main.storyboard */ = {
			isa = PBXVariantGroup;
			children = (
				DDCB6922245DDB0000489647 /* Base */,
			);
			name = Main.storyboard;
			sourceTree = "<group>";
		};
/* End PBXVariantGroup section */

/* Begin XCBuildConfiguration section */
		DDCB6926245DDB0000489647 /* Debug */ = {
			isa = XCBuildConfiguration;
			buildSettings = {
				ALWAYS_SEARCH_USER_PATHS = NO;
				CLANG_ANALYZER_NONNULL = YES;
				CLANG_ANALYZER_NUMBER_OBJECT_CONVERSION = YES_AGGRESSIVE;
				CLANG_CXX_LANGUAGE_STANDARD = "gnu++14";
				CLANG_CXX_LIBRARY = "libc++";
				CLANG_ENABLE_MODULES = YES;
				CLANG_ENABLE_OBJC_ARC = YES;
				CLANG_ENABLE_OBJC_WEAK = YES;
				CLANG_WARN_BLOCK_CAPTURE_AUTORELEASING = YES;
				CLANG_WARN_BOOL_CONVERSION = YES;
				CLANG_WARN_COMMA = YES;
				CLANG_WARN_CONSTANT_CONVERSION = YES;
				CLANG_WARN_DEPRECATED_OBJC_IMPLEMENTATIONS = YES;
				CLANG_WARN_DIRECT_OBJC_ISA_USAGE = YES_ERROR;
				CLANG_WARN_DOCUMENTATION_COMMENTS = YES;
				CLANG_WARN_EMPTY_BODY = YES;
				CLANG_WARN_ENUM_CONVERSION = YES;
				CLANG_WARN_INFINITE_RECURSION = YES;
				CLANG_WARN_INT_CONVERSION = YES;
				CLANG_WARN_NON_LITERAL_NULL_CONVERSION = YES;
				CLANG_WARN_OBJC_IMPLICIT_RETAIN_SELF = YES;
				CLANG_WARN_OBJC_LITERAL_CONVERSION = YES;
				CLANG_WARN_OBJC_ROOT_CLASS = YES_ERROR;
				CLANG_WARN_RANGE_LOOP_ANALYSIS = YES;
				CLANG_WARN_STRICT_PROTOTYPES = YES;
				CLANG_WARN_SUSPICIOUS_MOVE = YES;
				CLANG_WARN_UNGUARDED_AVAILABILITY = YES_AGGRESSIVE;
				CLANG_WARN_UNREACHABLE_CODE = YES;
				CLANG_WARN__DUPLICATE_METHOD_MATCH = YES;
				COPY_PHASE_STRIP = NO;
				DEBUG_INFORMATION_FORMAT = dwarf;
				ENABLE_STRICT_OBJC_MSGSEND = YES;
				ENABLE_TESTABILITY = YES;
				GCC_C_LANGUAGE_STANDARD = gnu11;
				GCC_DYNAMIC_NO_PIC = NO;
				GCC_NO_COMMON_BLOCKS = YES;
				GCC_OPTIMIZATION_LEVEL = 0;
				GCC_PREPROCESSOR_DEFINITIONS = (
					"DEBUG=1",
					"$(inherited)",
				);
				GCC_WARN_64_TO_32_BIT_CONVERSION = YES;
				GCC_WARN_ABOUT_RETURN_TYPE = YES_ERROR;
				GCC_WARN_UNDECLARED_SELECTOR = YES;
				GCC_WARN_UNINITIALIZED_AUTOS = YES_AGGRESSIVE;
				GCC_WARN_UNUSED_FUNCTION = YES;
				GCC_WARN_UNUSED_VARIABLE = YES;
				MACOSX_DEPLOYMENT_TARGET = 10.15;
				MTL_ENABLE_DEBUG_INFO = INCLUDE_SOURCE;
				MTL_FAST_MATH = YES;
				ONLY_ACTIVE_ARCH = YES;
				SDKROOT = macosx;
				SWIFT_ACTIVE_COMPILATION_CONDITIONS = DEBUG;
				SWIFT_OPTIMIZATION_LEVEL = "-Onone";
			};
			name = Debug;
		};
		DDCB6927245DDB0000489647 /* Release */ = {
			isa = XCBuildConfiguration;
			buildSettings = {
				ALWAYS_SEARCH_USER_PATHS = NO;
				CLANG_ANALYZER_NONNULL = YES;
				CLANG_ANALYZER_NUMBER_OBJECT_CONVERSION = YES_AGGRESSIVE;
				CLANG_CXX_LANGUAGE_STANDARD = "gnu++14";
				CLANG_CXX_LIBRARY = "libc++";
				CLANG_ENABLE_MODULES = YES;
				CLANG_ENABLE_OBJC_ARC = YES;
				CLANG_ENABLE_OBJC_WEAK = YES;
				CLANG_WARN_BLOCK_CAPTURE_AUTORELEASING = YES;
				CLANG_WARN_BOOL_CONVERSION = YES;
				CLANG_WARN_COMMA = YES;
				CLANG_WARN_CONSTANT_CONVERSION = YES;
				CLANG_WARN_DEPRECATED_OBJC_IMPLEMENTATIONS = YES;
				CLANG_WARN_DIRECT_OBJC_ISA_USAGE = YES_ERROR;
				CLANG_WARN_DOCUMENTATION_COMMENTS = YES;
				CLANG_WARN_EMPTY_BODY = YES;
				CLANG_WARN_ENUM_CONVERSION = YES;
				CLANG_WARN_INFINITE_RECURSION = YES;
				CLANG_WARN_INT_CONVERSION = YES;
				CLANG_WARN_NON_LITERAL_NULL_CONVERSION = YES;
				CLANG_WARN_OBJC_IMPLICIT_RETAIN_SELF = YES;
				CLANG_WARN_OBJC_LITERAL_CONVERSION = YES;
				CLANG_WARN_OBJC_ROOT_CLASS = YES_ERROR;
				CLANG_WARN_RANGE_LOOP_ANALYSIS = YES;
				CLANG_WARN_STRICT_PROTOTYPES = YES;
				CLANG_WARN_SUSPICIOUS_MOVE = YES;
				CLANG_WARN_UNGUARDED_AVAILABILITY = YES_AGGRESSIVE;
				CLANG_WARN_UNREACHABLE_CODE = YES;
				CLANG_WARN__DUPLICATE_METHOD_MATCH = YES;
				COPY_PHASE_STRIP = NO;
				DEBUG_INFORMATION_FORMAT = "dwarf-with-dsym";
				ENABLE_NS_ASSERTIONS = NO;
				ENABLE_STRICT_OBJC_MSGSEND = YES;
				GCC_C_LANGUAGE_STANDARD = gnu11;
				GCC_NO_COMMON_BLOCKS = YES;
				GCC_WARN_64_TO_32_BIT_CONVERSION = YES;
				GCC_WARN_ABOUT_RETURN_TYPE = YES_ERROR;
				GCC_WARN_UNDECLARED_SELECTOR = YES;
				GCC_WARN_UNINITIALIZED_AUTOS = YES_AGGRESSIVE;
				GCC_WARN_UNUSED_FUNCTION = YES;
				GCC_WARN_UNUSED_VARIABLE = YES;
				MACOSX_DEPLOYMENT_TARGET = 10.15;
				MTL_ENABLE_DEBUG_INFO = NO;
				MTL_FAST_MATH = YES;
				SDKROOT = macosx;
				SWIFT_COMPILATION_MODE = wholemodule;
				SWIFT_OPTIMIZATION_LEVEL = "-O";
			};
			name = Release;
		};
		DDCB6929245DDB0000489647 /* Debug */ = {
			isa = XCBuildConfiguration;
			buildSettings = {
				ASSETCATALOG_COMPILER_APPICON_NAME = AppIcon;
				CODE_SIGN_ENTITLEMENTS = Demo/Demo.entitlements;
				CODE_SIGN_STYLE = Manual;
				COMBINE_HIDPI_IMAGES = YES;
				DEVELOPMENT_TEAM = "";
				ENABLE_HARDENED_RUNTIME = YES;
				INFOPLIST_FILE = Demo/Info.plist;
				LD_RUNPATH_SEARCH_PATHS = (
					"$(inherited)",
					"@executable_path/../Frameworks",
				);
				PRODUCT_BUNDLE_IDENTIFIER = OutlineViewDiffableDataSource.Demo;
				PRODUCT_NAME = "$(TARGET_NAME)";
				PROVISIONING_PROFILE_SPECIFIER = "";
				SWIFT_VERSION = 5.0;
			};
			name = Debug;
		};
		DDCB692A245DDB0000489647 /* Release */ = {
			isa = XCBuildConfiguration;
			buildSettings = {
				ASSETCATALOG_COMPILER_APPICON_NAME = AppIcon;
				CODE_SIGN_ENTITLEMENTS = Demo/Demo.entitlements;
				CODE_SIGN_STYLE = Manual;
				COMBINE_HIDPI_IMAGES = YES;
				DEVELOPMENT_TEAM = "";
				ENABLE_HARDENED_RUNTIME = YES;
				INFOPLIST_FILE = Demo/Info.plist;
				LD_RUNPATH_SEARCH_PATHS = (
					"$(inherited)",
					"@executable_path/../Frameworks",
				);
				PRODUCT_BUNDLE_IDENTIFIER = OutlineViewDiffableDataSource.Demo;
				PRODUCT_NAME = "$(TARGET_NAME)";
				PROVISIONING_PROFILE_SPECIFIER = "";
				SWIFT_VERSION = 5.0;
			};
			name = Release;
		};
/* End XCBuildConfiguration section */

/* Begin XCConfigurationList section */
		DDCB6913245DDAFD00489647 /* Build configuration list for PBXProject "Demo" */ = {
			isa = XCConfigurationList;
			buildConfigurations = (
				DDCB6926245DDB0000489647 /* Debug */,
				DDCB6927245DDB0000489647 /* Release */,
			);
			defaultConfigurationIsVisible = 0;
			defaultConfigurationName = Release;
		};
		DDCB6928245DDB0000489647 /* Build configuration list for PBXNativeTarget "Demo" */ = {
			isa = XCConfigurationList;
			buildConfigurations = (
				DDCB6929245DDB0000489647 /* Debug */,
				DDCB692A245DDB0000489647 /* Release */,
			);
			defaultConfigurationIsVisible = 0;
			defaultConfigurationName = Release;
		};
/* End XCConfigurationList section */

/* Begin XCSwiftPackageProductDependency section */
		DDCB692C245DDD5D00489647 /* OutlineViewDiffableDataSource */ = {
			isa = XCSwiftPackageProductDependency;
			productName = OutlineViewDiffableDataSource;
		};
/* End XCSwiftPackageProductDependency section */
	};
	rootObject = DDCB6910245DDAFD00489647 /* Project object */;
}
